
Microsoft Visual Studio Solution File, Format Version 12.00
# Visual Studio Version 17
VisualStudioVersion = 17.9.34728.123
MinimumVisualStudioVersion = 10.0.40219.1
Project("{FAE04EC0-301F-11D3-BF4B-00C04F79EFBC}") = "PR43", "PR43.csproj", "{B1DE9837-B380-418F-9B15-5225A2164FFB}"
EndProject
Global
	GlobalSection(SolutionConfigurationPlatforms) = preSolution
		Debug|Any CPU = Debug|Any CPU
		Release|Any CPU = Release|Any CPU
	EndGlobalSection
	GlobalSection(ProjectConfigurationPlatforms) = postSolution
		{B1DE9837-B380-418F-9B15-5225A2164FFB}.Debug|Any CPU.ActiveCfg = Debug|Any CPU
		{B1DE9837-B380-418F-9B15-5225A2164FFB}.Debug|Any CPU.Build.0 = Debug|Any CPU
		{B1DE9837-B380-418F-9B15-5225A2164FFB}.Release|Any CPU.ActiveCfg = Release|Any CPU
		{B1DE9837-B380-418F-9B15-5225A2164FFB}.Release|Any CPU.Build.0 = Release|Any CPU
	EndGlobalSection
	GlobalSection(SolutionProperties) = preSolution
		HideSolutionNode = FALSE
	EndGlobalSection
	GlobalSection(ExtensibilityGlobals) = postSolution
		SolutionGuid = {9BFFD012-010D-4D84-BBF1-34B53C020A9A}
	EndGlobalSection
EndGlobal
